
Microsoft Visual Studio Solution File, Format Version 12.00
# Visual Studio 15
VisualStudioVersion = 15.0.26124.0
MinimumVisualStudioVersion = 15.0.26124.0
Project("{FAE04EC0-301F-11D3-BF4B-00C04F79EFBC}") = "dwCheckApi", "src\dwCheckApi\dwCheckApi.csproj", "{AFE4A43C-4747-4DA3-834E-C7AC9BB16DD2}"
EndProject
Project("{2150E333-8FDC-42A3-9474-1A3956D46DE8}") = "src", "src", "{CF9A7842-48E4-45A1-8573-87B8CF7513E0}"
EndProject
Project("{FAE04EC0-301F-11D3-BF4B-00C04F79EFBC}") = "dwCheckApi.Common", "src\dwCheckApi.Common\dwCheckApi.Common.csproj", "{248D7115-B371-46AB-A709-50A266DB842A}"
EndProject
Project("{FAE04EC0-301F-11D3-BF4B-00C04F79EFBC}") = "dwCheckApi.DAL", "src\dwCheckApi.DAL\dwCheckApi.DAL.csproj", "{CBE237D4-BF0D-40A1-8F2D-D012D20CD0F3}"
EndProject
Project("{FAE04EC0-301F-11D3-BF4B-00C04F79EFBC}") = "dwCheckApi.DTO", "src\dwCheckApi.DTO\dwCheckApi.DTO.csproj", "{68A0C20F-CE67-4303-BFAE-A451175F7AAB}"
EndProject
Project("{FAE04EC0-301F-11D3-BF4B-00C04F79EFBC}") = "dwCheckApi.Entities", "src\dwCheckApi.Entities\dwCheckApi.Entities.csproj", "{F1C86D9F-4833-4526-8537-0AD6F8937D12}"
EndProject
Project("{FAE04EC0-301F-11D3-BF4B-00C04F79EFBC}") = "dwCheckApi.Persistence", "src\dwCheckApi.Persistence\dwCheckApi.Persistence.csproj", "{6FC7637C-DD44-4787-8B66-8EF999E1CB81}"
EndProject
Project("{2150E333-8FDC-42A3-9474-1A3956D46DE8}") = "tests", "tests", "{09665FBF-87EF-46AE-BF43-49D896423D35}"
EndProject
Project("{FAE04EC0-301F-11D3-BF4B-00C04F79EFBC}") = "dwCheckApi.Tests", "tests\dwCheckApi.Tests\dwCheckApi.Tests.csproj", "{327EC529-05DA-4881-B98A-9FF0CFF5F3F4}"
EndProject
Project("{2150E333-8FDC-42A3-9474-1A3956D46DE8}") = "infra", "infra", "{7DBC651F-1DEB-4C5F-ACE5-41FFAE6A94B5}"
	ProjectSection(SolutionItems) = preProject
		Dockerfile = Dockerfile
	EndProjectSection
EndProject
Project("{2150E333-8FDC-42A3-9474-1A3956D46DE8}") = "docs", "docs", "{41CF3237-BBA4-4533-8192-FD2AC3EF213F}"
	ProjectSection(SolutionItems) = preProject
		README.md = README.md
	EndProjectSection
EndProject
Project("{FAE04EC0-301F-11D3-BF4B-00C04F79EFBC}") = "dwCheckApi.Common.Tests", "tests\dwCheckApi.Common.Tests\dwCheckApi.Common.Tests.csproj", "{6FA3CA86-0B9F-4949-A5F6-8456968BBC4E}"
EndProject
Global
	GlobalSection(SolutionConfigurationPlatforms) = preSolution
		Debug|Any CPU = Debug|Any CPU
		Release|Any CPU = Release|Any CPU
	EndGlobalSection
	GlobalSection(SolutionProperties) = preSolution
		HideSolutionNode = FALSE
	EndGlobalSection
	GlobalSection(ProjectConfigurationPlatforms) = postSolution
		{AFE4A43C-4747-4DA3-834E-C7AC9BB16DD2}.Debug|Any CPU.ActiveCfg = Debug|Any CPU
		{AFE4A43C-4747-4DA3-834E-C7AC9BB16DD2}.Debug|Any CPU.Build.0 = Debug|Any CPU
		{AFE4A43C-4747-4DA3-834E-C7AC9BB16DD2}.Release|Any CPU.ActiveCfg = Release|Any CPU
		{AFE4A43C-4747-4DA3-834E-C7AC9BB16DD2}.Release|Any CPU.Build.0 = Release|Any CPU
		{248D7115-B371-46AB-A709-50A266DB842A}.Debug|Any CPU.ActiveCfg = Debug|Any CPU
		{248D7115-B371-46AB-A709-50A266DB842A}.Debug|Any CPU.Build.0 = Debug|Any CPU
		{248D7115-B371-46AB-A709-50A266DB842A}.Release|Any CPU.ActiveCfg = Release|Any CPU
		{248D7115-B371-46AB-A709-50A266DB842A}.Release|Any CPU.Build.0 = Release|Any CPU
		{CBE237D4-BF0D-40A1-8F2D-D012D20CD0F3}.Debug|Any CPU.ActiveCfg = Debug|Any CPU
		{CBE237D4-BF0D-40A1-8F2D-D012D20CD0F3}.Debug|Any CPU.Build.0 = Debug|Any CPU
		{CBE237D4-BF0D-40A1-8F2D-D012D20CD0F3}.Release|Any CPU.ActiveCfg = Release|Any CPU
		{CBE237D4-BF0D-40A1-8F2D-D012D20CD0F3}.Release|Any CPU.Build.0 = Release|Any CPU
		{68A0C20F-CE67-4303-BFAE-A451175F7AAB}.Debug|Any CPU.ActiveCfg = Debug|Any CPU
		{68A0C20F-CE67-4303-BFAE-A451175F7AAB}.Debug|Any CPU.Build.0 = Debug|Any CPU
		{68A0C20F-CE67-4303-BFAE-A451175F7AAB}.Release|Any CPU.ActiveCfg = Release|Any CPU
		{68A0C20F-CE67-4303-BFAE-A451175F7AAB}.Release|Any CPU.Build.0 = Release|Any CPU
		{F1C86D9F-4833-4526-8537-0AD6F8937D12}.Debug|Any CPU.ActiveCfg = Debug|Any CPU
		{F1C86D9F-4833-4526-8537-0AD6F8937D12}.Debug|Any CPU.Build.0 = Debug|Any CPU
		{F1C86D9F-4833-4526-8537-0AD6F8937D12}.Release|Any CPU.ActiveCfg = Release|Any CPU
		{F1C86D9F-4833-4526-8537-0AD6F8937D12}.Release|Any CPU.Build.0 = Release|Any CPU
		{6FC7637C-DD44-4787-8B66-8EF999E1CB81}.Debug|Any CPU.ActiveCfg = Debug|Any CPU
		{6FC7637C-DD44-4787-8B66-8EF999E1CB81}.Debug|Any CPU.Build.0 = Debug|Any CPU
		{6FC7637C-DD44-4787-8B66-8EF999E1CB81}.Release|Any CPU.ActiveCfg = Release|Any CPU
		{6FC7637C-DD44-4787-8B66-8EF999E1CB81}.Release|Any CPU.Build.0 = Release|Any CPU
		{327EC529-05DA-4881-B98A-9FF0CFF5F3F4}.Debug|Any CPU.ActiveCfg = Debug|Any CPU
		{327EC529-05DA-4881-B98A-9FF0CFF5F3F4}.Debug|Any CPU.Build.0 = Debug|Any CPU
		{327EC529-05DA-4881-B98A-9FF0CFF5F3F4}.Release|Any CPU.ActiveCfg = Release|Any CPU
		{327EC529-05DA-4881-B98A-9FF0CFF5F3F4}.Release|Any CPU.Build.0 = Release|Any CPU
		{6FA3CA86-0B9F-4949-A5F6-8456968BBC4E}.Debug|Any CPU.ActiveCfg = Debug|Any CPU
		{6FA3CA86-0B9F-4949-A5F6-8456968BBC4E}.Debug|Any CPU.Build.0 = Debug|Any CPU
		{6FA3CA86-0B9F-4949-A5F6-8456968BBC4E}.Release|Any CPU.ActiveCfg = Release|Any CPU
		{6FA3CA86-0B9F-4949-A5F6-8456968BBC4E}.Release|Any CPU.Build.0 = Release|Any CPU
	EndGlobalSection
	GlobalSection(NestedProjects) = preSolution
		{AFE4A43C-4747-4DA3-834E-C7AC9BB16DD2} = {CF9A7842-48E4-45A1-8573-87B8CF7513E0}
		{248D7115-B371-46AB-A709-50A266DB842A} = {CF9A7842-48E4-45A1-8573-87B8CF7513E0}
		{CBE237D4-BF0D-40A1-8F2D-D012D20CD0F3} = {CF9A7842-48E4-45A1-8573-87B8CF7513E0}
		{68A0C20F-CE67-4303-BFAE-A451175F7AAB} = {CF9A7842-48E4-45A1-8573-87B8CF7513E0}
		{F1C86D9F-4833-4526-8537-0AD6F8937D12} = {CF9A7842-48E4-45A1-8573-87B8CF7513E0}
		{6FC7637C-DD44-4787-8B66-8EF999E1CB81} = {CF9A7842-48E4-45A1-8573-87B8CF7513E0}
		{327EC529-05DA-4881-B98A-9FF0CFF5F3F4} = {09665FBF-87EF-46AE-BF43-49D896423D35}
		{6FA3CA86-0B9F-4949-A5F6-8456968BBC4E} = {09665FBF-87EF-46AE-BF43-49D896423D35}
	EndGlobalSection
EndGlobal
