
Microsoft Visual Studio Solution File, Format Version 12.00
# Visual Studio 15
VisualStudioVersion = 15.0.26124.0
MinimumVisualStudioVersion = 15.0.26124.0
Project("{FAE04EC0-301F-11D3-BF4B-00C04F79EFBC}") = "dwCheckApi", "src\dwCheckApi.csproj", "{451A6DF9-E505-4DBD-9174-7950A5CA6A56}"
EndProject
Project("{FAE04EC0-301F-11D3-BF4B-00C04F79EFBC}") = "tests", "tests\tests.csproj", "{791F5DAD-8981-4080-AE8F-6E7030E9E496}"
EndProject
Global
	GlobalSection(SolutionConfigurationPlatforms) = preSolution
		Debug|Any CPU = Debug|Any CPU
		Debug|x64 = Debug|x64
		Debug|x86 = Debug|x86
		Release|Any CPU = Release|Any CPU
		Release|x64 = Release|x64
		Release|x86 = Release|x86
	EndGlobalSection
	GlobalSection(SolutionProperties) = preSolution
		HideSolutionNode = FALSE
	EndGlobalSection
	GlobalSection(ProjectConfigurationPlatforms) = postSolution
		{451A6DF9-E505-4DBD-9174-7950A5CA6A56}.Debug|Any CPU.ActiveCfg = Debug|Any CPU
		{451A6DF9-E505-4DBD-9174-7950A5CA6A56}.Debug|Any CPU.Build.0 = Debug|Any CPU
		{451A6DF9-E505-4DBD-9174-7950A5CA6A56}.Debug|Any CPU.Deploy.0 = Debug|Any CPU
		{451A6DF9-E505-4DBD-9174-7950A5CA6A56}.Release|Any CPU.ActiveCfg = Release|Any CPU
		{451A6DF9-E505-4DBD-9174-7950A5CA6A56}.Release|Any CPU.Build.0 = Release|Any CPU
		{791F5DAD-8981-4080-AE8F-6E7030E9E496}.Debug|Any CPU.ActiveCfg = Debug|Any CPU
		{791F5DAD-8981-4080-AE8F-6E7030E9E496}.Debug|Any CPU.Build.0 = Debug|Any CPU
		{791F5DAD-8981-4080-AE8F-6E7030E9E496}.Release|Any CPU.ActiveCfg = Release|Any CPU
		{791F5DAD-8981-4080-AE8F-6E7030E9E496}.Release|Any CPU.Build.0 = Release|Any CPU
	EndGlobalSection
EndGlobal
